
Microsoft Visual Studio Solution File, Format Version 12.00
# Visual Studio Version 16
VisualStudioVersion = 16.0.29613.14
MinimumVisualStudioVersion = 10.0.40219.1
Project("{FAE04EC0-301F-11D3-BF4B-00C04F79EFBC}") = "State Of Survive Manager", "State Of Survive Manager\State Of Survive Manager.csproj", "{2DB995C3-6CE7-4C30-A91E-A1BE7BD957CD}"
EndProject
Global
	GlobalSection(SolutionConfigurationPlatforms) = preSolution
		Debug|Any CPU = Debug|Any CPU
		Release|Any CPU = Release|Any CPU
	EndGlobalSection
	GlobalSection(ProjectConfigurationPlatforms) = postSolution
		{2DB995C3-6CE7-4C30-A91E-A1BE7BD957CD}.Debug|Any CPU.ActiveCfg = Debug|Any CPU
		{2DB995C3-6CE7-4C30-A91E-A1BE7BD957CD}.Debug|Any CPU.Build.0 = Debug|Any CPU
		{2DB995C3-6CE7-4C30-A91E-A1BE7BD957CD}.Release|Any CPU.ActiveCfg = Release|Any CPU
		{2DB995C3-6CE7-4C30-A91E-A1BE7BD957CD}.Release|Any CPU.Build.0 = Release|Any CPU
	EndGlobalSection
	GlobalSection(SolutionProperties) = preSolution
		HideSolutionNode = FALSE
	EndGlobalSection
	GlobalSection(ExtensibilityGlobals) = postSolution
		SolutionGuid = {0B14E930-A0A6-462A-8802-A19C28BD9020}
	EndGlobalSection
EndGlobal
